
Microsoft Visual Studio Solution File, Format Version 12.00
# Visual Studio 15
VisualStudioVersion = 15.0.28307.1927
MinimumVisualStudioVersion = 10.0.40219.1
Project("{FAE04EC0-301F-11D3-BF4B-00C04F79EFBC}") = "DataViewOdevi", "DataViewOdevi\DataViewOdevi.csproj", "{42828FF4-5102-43FB-8FD0-CC12525BA668}"
EndProject
Global
	GlobalSection(SolutionConfigurationPlatforms) = preSolution
		Debug|Any CPU = Debug|Any CPU
		Release|Any CPU = Release|Any CPU
	EndGlobalSection
	GlobalSection(ProjectConfigurationPlatforms) = postSolution
		{42828FF4-5102-43FB-8FD0-CC12525BA668}.Debug|Any CPU.ActiveCfg = Debug|Any CPU
		{42828FF4-5102-43FB-8FD0-CC12525BA668}.Debug|Any CPU.Build.0 = Debug|Any CPU
		{42828FF4-5102-43FB-8FD0-CC12525BA668}.Release|Any CPU.ActiveCfg = Release|Any CPU
		{42828FF4-5102-43FB-8FD0-CC12525BA668}.Release|Any CPU.Build.0 = Release|Any CPU
	EndGlobalSection
	GlobalSection(SolutionProperties) = preSolution
		HideSolutionNode = FALSE
	EndGlobalSection
	GlobalSection(ExtensibilityGlobals) = postSolution
		SolutionGuid = {D5DD5E46-FFBB-40B5-880E-BE589FF80E2B}
	EndGlobalSection
EndGlobal
